// !$*UTF8*$!
{
	archiveVersion = 1;
	classes = {
	};
	objectVersion = 46;
	objects = {

/* Begin PBXBuildFile section */
		824AC14A1E097630000CA4C5 /* TableViewCell.m in Sources */ = {isa = PBXBuildFile; fileRef = 824AC1481E097630000CA4C5 /* TableViewCell.m */; };
		824AC14B1E097630000CA4C5 /* TableViewCell.xib in Resources */ = {isa = PBXBuildFile; fileRef = 824AC1491E097630000CA4C5 /* TableViewCell.xib */; };
		B1620B6F1E07E62F000515E3 /* main.m in Sources */ = {isa = PBXBuildFile; fileRef = B1620B6E1E07E62F000515E3 /* main.m */; };
		B1620B721E07E62F000515E3 /* AppDelegate.m in Sources */ = {isa = PBXBuildFile; fileRef = B1620B711E07E62F000515E3 /* AppDelegate.m */; };
		B1620B751E07E62F000515E3 /* ViewController.m in Sources */ = {isa = PBXBuildFile; fileRef = B1620B741E07E62F000515E3 /* ViewController.m */; };
		B1620B781E07E62F000515E3 /* Main.storyboard in Resources */ = {isa = PBXBuildFile; fileRef = B1620B761E07E62F000515E3 /* Main.storyboard */; };
		B1620B7A1E07E62F000515E3 /* Assets.xcassets in Resources */ = {isa = PBXBuildFile; fileRef = B1620B791E07E62F000515E3 /* Assets.xcassets */; };
		B1620B7D1E07E62F000515E3 /* LaunchScreen.storyboard in Resources */ = {isa = PBXBuildFile; fileRef = B1620B7B1E07E62F000515E3 /* LaunchScreen.storyboard */; };
		B1620BA01E07F1F1000515E3 /* AFHTTPRequestOperation.m in Sources */ = {isa = PBXBuildFile; fileRef = B1620B8E1E07F1F1000515E3 /* AFHTTPRequestOperation.m */; };
		B1620BA11E07F1F1000515E3 /* AFHTTPRequestOperationManager.m in Sources */ = {isa = PBXBuildFile; fileRef = B1620B901E07F1F1000515E3 /* AFHTTPRequestOperationManager.m */; };
		B1620BA21E07F1F1000515E3 /* AFHTTPSessionManager.m in Sources */ = {isa = PBXBuildFile; fileRef = B1620B921E07F1F1000515E3 /* AFHTTPSessionManager.m */; };
		B1620BA31E07F1F1000515E3 /* AFNetworkReachabilityManager.m in Sources */ = {isa = PBXBuildFile; fileRef = B1620B951E07F1F1000515E3 /* AFNetworkReachabilityManager.m */; };
		B1620BA41E07F1F1000515E3 /* AFSecurityPolicy.m in Sources */ = {isa = PBXBuildFile; fileRef = B1620B971E07F1F1000515E3 /* AFSecurityPolicy.m */; };
		B1620BA51E07F1F1000515E3 /* AFURLConnectionOperation.m in Sources */ = {isa = PBXBuildFile; fileRef = B1620B991E07F1F1000515E3 /* AFURLConnectionOperation.m */; };
		B1620BA61E07F1F1000515E3 /* AFURLRequestSerialization.m in Sources */ = {isa = PBXBuildFile; fileRef = B1620B9B1E07F1F1000515E3 /* AFURLRequestSerialization.m */; };
		B1620BA71E07F1F1000515E3 /* AFURLResponseSerialization.m in Sources */ = {isa = PBXBuildFile; fileRef = B1620B9D1E07F1F1000515E3 /* AFURLResponseSerialization.m */; };
		B1620BA81E07F1F1000515E3 /* AFURLSessionManager.m in Sources */ = {isa = PBXBuildFile; fileRef = B1620B9F1E07F1F1000515E3 /* AFURLSessionManager.m */; };
		B1620BAF1E07F3D8000515E3 /* AFDownloadRequestOperation.m in Sources */ = {isa = PBXBuildFile; fileRef = B1620BAE1E07F3D8000515E3 /* AFDownloadRequestOperation.m */; };
		B1620BC51E0B774E000515E3 /* LLDownloadManager.m in Sources */ = {isa = PBXBuildFile; fileRef = B1620BC01E0B774E000515E3 /* LLDownloadManager.m */; };
		B1620BC61E0B774E000515E3 /* LLDownloadOperation.m in Sources */ = {isa = PBXBuildFile; fileRef = B1620BC21E0B774E000515E3 /* LLDownloadOperation.m */; };
		B1620BC71E0B774E000515E3 /* LLDownloadItem.m in Sources */ = {isa = PBXBuildFile; fileRef = B1620BC41E0B774E000515E3 /* LLDownloadItem.m */; };
/* End PBXBuildFile section */

/* Begin PBXFileReference section */
		824AC1471E097630000CA4C5 /* TableViewCell.h */ = {isa = PBXFileReference; fileEncoding = 4; lastKnownFileType = sourcecode.c.h; name = TableViewCell.h; path = ../TableViewCell.h; sourceTree = "<group>"; };
		824AC1481E097630000CA4C5 /* TableViewCell.m */ = {isa = PBXFileReference; fileEncoding = 4; lastKnownFileType = sourcecode.c.objc; name = TableViewCell.m; path = ../TableViewCell.m; sourceTree = "<group>"; };
		824AC1491E097630000CA4C5 /* TableViewCell.xib */ = {isa = PBXFileReference; fileEncoding = 4; lastKnownFileType = file.xib; name = TableViewCell.xib; path = ../TableViewCell.xib; sourceTree = "<group>"; };
		B1620B6A1E07E62F000515E3 /* LLDownloadManager.app */ = {isa = PBXFileReference; explicitFileType = wrapper.application; includeInIndex = 0; path = LLDownloadManager.app; sourceTree = BUILT_PRODUCTS_DIR; };
		B1620B6E1E07E62F000515E3 /* main.m */ = {isa = PBXFileReference; lastKnownFileType = sourcecode.c.objc; path = main.m; sourceTree = "<group>"; };
		B1620B701E07E62F000515E3 /* AppDelegate.h */ = {isa = PBXFileReference; lastKnownFileType = sourcecode.c.h; path = AppDelegate.h; sourceTree = "<group>"; };
		B1620B711E07E62F000515E3 /* AppDelegate.m */ = {isa = PBXFileReference; lastKnownFileType = sourcecode.c.objc; path = AppDelegate.m; sourceTree = "<group>"; };
		B1620B731E07E62F000515E3 /* ViewController.h */ = {isa = PBXFileReference; lastKnownFileType = sourcecode.c.h; path = ViewController.h; sourceTree = "<group>"; };
		B1620B741E07E62F000515E3 /* ViewController.m */ = {isa = PBXFileReference; lastKnownFileType = sourcecode.c.objc; path = ViewController.m; sourceTree = "<group>"; };
		B1620B771E07E62F000515E3 /* Base */ = {isa = PBXFileReference; lastKnownFileType = file.storyboard; name = Base; path = Base.lproj/Main.storyboard; sourceTree = "<group>"; };
		B1620B791E07E62F000515E3 /* Assets.xcassets */ = {isa = PBXFileReference; lastKnownFileType = folder.assetcatalog; path = Assets.xcassets; sourceTree = "<group>"; };
		B1620B7C1E07E62F000515E3 /* Base */ = {isa = PBXFileReference; lastKnownFileType = file.storyboard; name = Base; path = Base.lproj/LaunchScreen.storyboard; sourceTree = "<group>"; };
		B1620B7E1E07E62F000515E3 /* Info.plist */ = {isa = PBXFileReference; lastKnownFileType = text.plist.xml; path = Info.plist; sourceTree = "<group>"; };
		B1620B8D1E07F1F1000515E3 /* AFHTTPRequestOperation.h */ = {isa = PBXFileReference; fileEncoding = 4; lastKnownFileType = sourcecode.c.h; path = AFHTTPRequestOperation.h; sourceTree = "<group>"; };
		B1620B8E1E07F1F1000515E3 /* AFHTTPRequestOperation.m */ = {isa = PBXFileReference; fileEncoding = 4; lastKnownFileType = sourcecode.c.objc; path = AFHTTPRequestOperation.m; sourceTree = "<group>"; };
		B1620B8F1E07F1F1000515E3 /* AFHTTPRequestOperationManager.h */ = {isa = PBXFileReference; fileEncoding = 4; lastKnownFileType = sourcecode.c.h; path = AFHTTPRequestOperationManager.h; sourceTree = "<group>"; };
		B1620B901E07F1F1000515E3 /* AFHTTPRequestOperationManager.m */ = {isa = PBXFileReference; fileEncoding = 4; lastKnownFileType = sourcecode.c.objc; path = AFHTTPRequestOperationManager.m; sourceTree = "<group>"; };
		B1620B911E07F1F1000515E3 /* AFHTTPSessionManager.h */ = {isa = PBXFileReference; fileEncoding = 4; lastKnownFileType = sourcecode.c.h; path = AFHTTPSessionManager.h; sourceTree = "<group>"; };
		B1620B921E07F1F1000515E3 /* AFHTTPSessionManager.m */ = {isa = PBXFileReference; fileEncoding = 4; lastKnownFileType = sourcecode.c.objc; path = AFHTTPSessionManager.m; sourceTree = "<group>"; };
		B1620B931E07F1F1000515E3 /* AFNetworking.h */ = {isa = PBXFileReference; fileEncoding = 4; lastKnownFileType = sourcecode.c.h; path = AFNetworking.h; sourceTree = "<group>"; };
		B1620B941E07F1F1000515E3 /* AFNetworkReachabilityManager.h */ = {isa = PBXFileReference; fileEncoding = 4; lastKnownFileType = sourcecode.c.h; name = AFNetworkReachabilityManager.h; path = ../AFNetworking/AFNetworkReachabilityManager.h; sourceTree = "<group>"; };
		B1620B951E07F1F1000515E3 /* AFNetworkReachabilityManager.m */ = {isa = PBXFileReference; fileEncoding = 4; lastKnownFileType = sourcecode.c.objc; name = AFNetworkReachabilityManager.m; path = ../AFNetworking/AFNetworkReachabilityManager.m; sourceTree = "<group>"; };
		B1620B961E07F1F1000515E3 /* AFSecurityPolicy.h */ = {isa = PBXFileReference; fileEncoding = 4; lastKnownFileType = sourcecode.c.h; path = AFSecurityPolicy.h; sourceTree = "<group>"; };
		B1620B971E07F1F1000515E3 /* AFSecurityPolicy.m */ = {isa = PBXFileReference; fileEncoding = 4; lastKnownFileType = sourcecode.c.objc; path = AFSecurityPolicy.m; sourceTree = "<group>"; };
		B1620B981E07F1F1000515E3 /* AFURLConnectionOperation.h */ = {isa = PBXFileReference; fileEncoding = 4; lastKnownFileType = sourcecode.c.h; path = AFURLConnectionOperation.h; sourceTree = "<group>"; };
		B1620B991E07F1F1000515E3 /* AFURLConnectionOperation.m */ = {isa = PBXFileReference; fileEncoding = 4; lastKnownFileType = sourcecode.c.objc; path = AFURLConnectionOperation.m; sourceTree = "<group>"; };
		B1620B9A1E07F1F1000515E3 /* AFURLRequestSerialization.h */ = {isa = PBXFileReference; fileEncoding = 4; lastKnownFileType = sourcecode.c.h; path = AFURLRequestSerialization.h; sourceTree = "<group>"; };
		B1620B9B1E07F1F1000515E3 /* AFURLRequestSerialization.m */ = {isa = PBXFileReference; fileEncoding = 4; lastKnownFileType = sourcecode.c.objc; path = AFURLRequestSerialization.m; sourceTree = "<group>"; };
		B1620B9C1E07F1F1000515E3 /* AFURLResponseSerialization.h */ = {isa = PBXFileReference; fileEncoding = 4; lastKnownFileType = sourcecode.c.h; path = AFURLResponseSerialization.h; sourceTree = "<group>"; };
		B1620B9D1E07F1F1000515E3 /* AFURLResponseSerialization.m */ = {isa = PBXFileReference; fileEncoding = 4; lastKnownFileType = sourcecode.c.objc; path = AFURLResponseSerialization.m; sourceTree = "<group>"; };
		B1620B9E1E07F1F1000515E3 /* AFURLSessionManager.h */ = {isa = PBXFileReference; fileEncoding = 4; lastKnownFileType = sourcecode.c.h; path = AFURLSessionManager.h; sourceTree = "<group>"; };
		B1620B9F1E07F1F1000515E3 /* AFURLSessionManager.m */ = {isa = PBXFileReference; fileEncoding = 4; lastKnownFileType = sourcecode.c.objc; path = AFURLSessionManager.m; sourceTree = "<group>"; };
		B1620BAD1E07F3D8000515E3 /* AFDownloadRequestOperation.h */ = {isa = PBXFileReference; fileEncoding = 4; lastKnownFileType = sourcecode.c.h; path = AFDownloadRequestOperation.h; sourceTree = "<group>"; };
		B1620BAE1E07F3D8000515E3 /* AFDownloadRequestOperation.m */ = {isa = PBXFileReference; fileEncoding = 4; lastKnownFileType = sourcecode.c.objc; path = AFDownloadRequestOperation.m; sourceTree = "<group>"; };
		B1620BBF1E0B774E000515E3 /* LLDownloadManager.h */ = {isa = PBXFileReference; fileEncoding = 4; lastKnownFileType = sourcecode.c.h; path = LLDownloadManager.h; sourceTree = "<group>"; };
		B1620BC01E0B774E000515E3 /* LLDownloadManager.m */ = {isa = PBXFileReference; fileEncoding = 4; lastKnownFileType = sourcecode.c.objc; path = LLDownloadManager.m; sourceTree = "<group>"; };
		B1620BC11E0B774E000515E3 /* LLDownloadOperation.h */ = {isa = PBXFileReference; fileEncoding = 4; lastKnownFileType = sourcecode.c.h; path = LLDownloadOperation.h; sourceTree = "<group>"; };
		B1620BC21E0B774E000515E3 /* LLDownloadOperation.m */ = {isa = PBXFileReference; fileEncoding = 4; lastKnownFileType = sourcecode.c.objc; path = LLDownloadOperation.m; sourceTree = "<group>"; };
		B1620BC31E0B774E000515E3 /* LLDownloadItem.h */ = {isa = PBXFileReference; fileEncoding = 4; lastKnownFileType = sourcecode.c.h; path = LLDownloadItem.h; sourceTree = "<group>"; };
		B1620BC41E0B774E000515E3 /* LLDownloadItem.m */ = {isa = PBXFileReference; fileEncoding = 4; lastKnownFileType = sourcecode.c.objc; path = LLDownloadItem.m; sourceTree = "<group>"; };
/* End PBXFileReference section */

/* Begin PBXFrameworksBuildPhase section */
		B1620B671E07E62F000515E3 /* Frameworks */ = {
			isa = PBXFrameworksBuildPhase;
			buildActionMask = 2147483647;
			files = (
			);
			runOnlyForDeploymentPostprocessing = 0;
		};
/* End PBXFrameworksBuildPhase section */

/* Begin PBXGroup section */
		B1620B611E07E62F000515E3 = {
			isa = PBXGroup;
			children = (
				B1620B6C1E07E62F000515E3 /* LLDownloadManager */,
				B1620B6B1E07E62F000515E3 /* Products */,
			);
			sourceTree = "<group>";
		};
		B1620B6B1E07E62F000515E3 /* Products */ = {
			isa = PBXGroup;
			children = (
				B1620B6A1E07E62F000515E3 /* LLDownloadManager.app */,
			);
			name = Products;
			sourceTree = "<group>";
		};
		B1620B6C1E07E62F000515E3 /* LLDownloadManager */ = {
			isa = PBXGroup;
			children = (
				B1620BC81E0B776C000515E3 /* Demo */,
				B1620BBE1E0B774E000515E3 /* LLDownloadManager */,
				B1620BA91E07F212000515E3 /* AFDownloadOperation */,
				B1620B8C1E07F1F1000515E3 /* AFNetworking */,
				B1620B701E07E62F000515E3 /* AppDelegate.h */,
				B1620B711E07E62F000515E3 /* AppDelegate.m */,
				B1620B731E07E62F000515E3 /* ViewController.h */,
				B1620B741E07E62F000515E3 /* ViewController.m */,
				B1620B761E07E62F000515E3 /* Main.storyboard */,
				B1620B791E07E62F000515E3 /* Assets.xcassets */,
				B1620B7B1E07E62F000515E3 /* LaunchScreen.storyboard */,
				B1620B7E1E07E62F000515E3 /* Info.plist */,
				B1620B6D1E07E62F000515E3 /* Supporting Files */,
			);
			path = LLDownloadManager;
			sourceTree = "<group>";
		};
		B1620B6D1E07E62F000515E3 /* Supporting Files */ = {
			isa = PBXGroup;
			children = (
				B1620B6E1E07E62F000515E3 /* main.m */,
			);
			name = "Supporting Files";
			sourceTree = "<group>";
		};
		B1620B8C1E07F1F1000515E3 /* AFNetworking */ = {
			isa = PBXGroup;
			children = (
				B1620B8D1E07F1F1000515E3 /* AFHTTPRequestOperation.h */,
				B1620B8E1E07F1F1000515E3 /* AFHTTPRequestOperation.m */,
				B1620B8F1E07F1F1000515E3 /* AFHTTPRequestOperationManager.h */,
				B1620B901E07F1F1000515E3 /* AFHTTPRequestOperationManager.m */,
				B1620B911E07F1F1000515E3 /* AFHTTPSessionManager.h */,
				B1620B921E07F1F1000515E3 /* AFHTTPSessionManager.m */,
				B1620B931E07F1F1000515E3 /* AFNetworking.h */,
				B1620B961E07F1F1000515E3 /* AFSecurityPolicy.h */,
				B1620B971E07F1F1000515E3 /* AFSecurityPolicy.m */,
				B1620B981E07F1F1000515E3 /* AFURLConnectionOperation.h */,
				B1620B991E07F1F1000515E3 /* AFURLConnectionOperation.m */,
				B1620B9A1E07F1F1000515E3 /* AFURLRequestSerialization.h */,
				B1620B9B1E07F1F1000515E3 /* AFURLRequestSerialization.m */,
				B1620B9C1E07F1F1000515E3 /* AFURLResponseSerialization.h */,
				B1620B9D1E07F1F1000515E3 /* AFURLResponseSerialization.m */,
				B1620B9E1E07F1F1000515E3 /* AFURLSessionManager.h */,
				B1620B9F1E07F1F1000515E3 /* AFURLSessionManager.m */,
			);
			path = AFNetworking;
			sourceTree = "<group>";
		};
		B1620BA91E07F212000515E3 /* AFDownloadOperation */ = {
			isa = PBXGroup;
			children = (
				B1620BAD1E07F3D8000515E3 /* AFDownloadRequestOperation.h */,
				B1620BAE1E07F3D8000515E3 /* AFDownloadRequestOperation.m */,
			);
			name = AFDownloadOperation;
			sourceTree = "<group>";
		};
		B1620BBE1E0B774E000515E3 /* LLDownloadManager */ = {
			isa = PBXGroup;
			children = (
				B1620BBF1E0B774E000515E3 /* LLDownloadManager.h */,
				B1620BC01E0B774E000515E3 /* LLDownloadManager.m */,
				B1620BC11E0B774E000515E3 /* LLDownloadOperation.h */,
				B1620BC21E0B774E000515E3 /* LLDownloadOperation.m */,
				B1620BC31E0B774E000515E3 /* LLDownloadItem.h */,
				B1620BC41E0B774E000515E3 /* LLDownloadItem.m */,
				B1620B941E07F1F1000515E3 /* AFNetworkReachabilityManager.h */,
				B1620B951E07F1F1000515E3 /* AFNetworkReachabilityManager.m */,
			);
			path = LLDownloadManager;
			sourceTree = "<group>";
		};
		B1620BC81E0B776C000515E3 /* Demo */ = {
			isa = PBXGroup;
			children = (
				824AC1471E097630000CA4C5 /* TableViewCell.h */,
				824AC1481E097630000CA4C5 /* TableViewCell.m */,
				824AC1491E097630000CA4C5 /* TableViewCell.xib */,
			);
			path = Demo;
			sourceTree = "<group>";
		};
/* End PBXGroup section */

/* Begin PBXNativeTarget section */
		B1620B691E07E62F000515E3 /* LLDownloadManager */ = {
			isa = PBXNativeTarget;
			buildConfigurationList = B1620B811E07E62F000515E3 /* Build configuration list for PBXNativeTarget "LLDownloadManager" */;
			buildPhases = (
				B1620B661E07E62F000515E3 /* Sources */,
				B1620B671E07E62F000515E3 /* Frameworks */,
				B1620B681E07E62F000515E3 /* Resources */,
			);
			buildRules = (
			);
			dependencies = (
			);
			name = LLDownloadManager;
			productName = LLDownloadManager;
			productReference = B1620B6A1E07E62F000515E3 /* LLDownloadManager.app */;
			productType = "com.apple.product-type.application";
		};
/* End PBXNativeTarget section */

/* Begin PBXProject section */
		B1620B621E07E62F000515E3 /* Project object */ = {
			isa = PBXProject;
			attributes = {
				LastUpgradeCheck = 0810;
				ORGANIZATIONNAME = XHJ;
				TargetAttributes = {
					B1620B691E07E62F000515E3 = {
						CreatedOnToolsVersion = 8.1;
						ProvisioningStyle = Automatic;
					};
				};
			};
			buildConfigurationList = B1620B651E07E62F000515E3 /* Build configuration list for PBXProject "LLDownloadManager" */;
			compatibilityVersion = "Xcode 3.2";
			developmentRegion = English;
			hasScannedForEncodings = 0;
			knownRegions = (
				en,
				Base,
			);
			mainGroup = B1620B611E07E62F000515E3;
			productRefGroup = B1620B6B1E07E62F000515E3 /* Products */;
			projectDirPath = "";
			projectRoot = "";
			targets = (
				B1620B691E07E62F000515E3 /* LLDownloadManager */,
			);
		};
/* End PBXProject section */

/* Begin PBXResourcesBuildPhase section */
		B1620B681E07E62F000515E3 /* Resources */ = {
			isa = PBXResourcesBuildPhase;
			buildActionMask = 2147483647;
			files = (
				B1620B7D1E07E62F000515E3 /* LaunchScreen.storyboard in Resources */,
				824AC14B1E097630000CA4C5 /* TableViewCell.xib in Resources */,
				B1620B7A1E07E62F000515E3 /* Assets.xcassets in Resources */,
				B1620B781E07E62F000515E3 /* Main.storyboard in Resources */,
			);
			runOnlyForDeploymentPostprocessing = 0;
		};
/* End PBXResourcesBuildPhase section */

/* Begin PBXSourcesBuildPhase section */
		B1620B661E07E62F000515E3 /* Sources */ = {
			isa = PBXSourcesBuildPhase;
			buildActionMask = 2147483647;
			files = (
				B1620B751E07E62F000515E3 /* ViewController.m in Sources */,
				B1620BA41E07F1F1000515E3 /* AFSecurityPolicy.m in Sources */,
				B1620B721E07E62F000515E3 /* AppDelegate.m in Sources */,
				B1620BA11E07F1F1000515E3 /* AFHTTPRequestOperationManager.m in Sources */,
				B1620BA51E07F1F1000515E3 /* AFURLConnectionOperation.m in Sources */,
				B1620BA01E07F1F1000515E3 /* AFHTTPRequestOperation.m in Sources */,
				B1620BA61E07F1F1000515E3 /* AFURLRequestSerialization.m in Sources */,
				B1620BC61E0B774E000515E3 /* LLDownloadOperation.m in Sources */,
				B1620BA21E07F1F1000515E3 /* AFHTTPSessionManager.m in Sources */,
				B1620BC51E0B774E000515E3 /* LLDownloadManager.m in Sources */,
				B1620BA31E07F1F1000515E3 /* AFNetworkReachabilityManager.m in Sources */,
				B1620BAF1E07F3D8000515E3 /* AFDownloadRequestOperation.m in Sources */,
				B1620BA71E07F1F1000515E3 /* AFURLResponseSerialization.m in Sources */,
				824AC14A1E097630000CA4C5 /* TableViewCell.m in Sources */,
				B1620BA81E07F1F1000515E3 /* AFURLSessionManager.m in Sources */,
				B1620BC71E0B774E000515E3 /* LLDownloadItem.m in Sources */,
				B1620B6F1E07E62F000515E3 /* main.m in Sources */,
			);
			runOnlyForDeploymentPostprocessing = 0;
		};
/* End PBXSourcesBuildPhase section */

/* Begin PBXVariantGroup section */
		B1620B761E07E62F000515E3 /* Main.storyboard */ = {
			isa = PBXVariantGroup;
			children = (
				B1620B771E07E62F000515E3 /* Base */,
			);
			name = Main.storyboard;
			sourceTree = "<group>";
		};
		B1620B7B1E07E62F000515E3 /* LaunchScreen.storyboard */ = {
			isa = PBXVariantGroup;
			children = (
				B1620B7C1E07E62F000515E3 /* Base */,
			);
			name = LaunchScreen.storyboard;
			sourceTree = "<group>";
		};
/* End PBXVariantGroup section */

/* Begin XCBuildConfiguration section */
		B1620B7F1E07E62F000515E3 /* Debug */ = {
			isa = XCBuildConfiguration;
			buildSettings = {
				ALWAYS_SEARCH_USER_PATHS = NO;
				CLANG_ANALYZER_NONNULL = YES;
				CLANG_CXX_LANGUAGE_STANDARD = "gnu++0x";
				CLANG_CXX_LIBRARY = "libc++";
				CLANG_ENABLE_MODULES = YES;
				CLANG_ENABLE_OBJC_ARC = YES;
				CLANG_WARN_BOOL_CONVERSION = YES;
				CLANG_WARN_CONSTANT_CONVERSION = YES;
				CLANG_WARN_DIRECT_OBJC_ISA_USAGE = YES_ERROR;
				CLANG_WARN_DOCUMENTATION_COMMENTS = YES;
				CLANG_WARN_EMPTY_BODY = YES;
				CLANG_WARN_ENUM_CONVERSION = YES;
				CLANG_WARN_INFINITE_RECURSION = YES;
				CLANG_WARN_INT_CONVERSION = YES;
				CLANG_WARN_OBJC_ROOT_CLASS = YES_ERROR;
				CLANG_WARN_SUSPICIOUS_MOVES = YES;
				CLANG_WARN_UNREACHABLE_CODE = YES;
				CLANG_WARN__DUPLICATE_METHOD_MATCH = YES;
				"CODE_SIGN_IDENTITY[sdk=iphoneos*]" = "iPhone Developer";
				COPY_PHASE_STRIP = NO;
				DEBUG_INFORMATION_FORMAT = dwarf;
				ENABLE_STRICT_OBJC_MSGSEND = YES;
				ENABLE_TESTABILITY = YES;
				GCC_C_LANGUAGE_STANDARD = gnu99;
				GCC_DYNAMIC_NO_PIC = NO;
				GCC_NO_COMMON_BLOCKS = YES;
				GCC_OPTIMIZATION_LEVEL = 0;
				GCC_PREPROCESSOR_DEFINITIONS = (
					"DEBUG=1",
					"$(inherited)",
				);
				GCC_WARN_64_TO_32_BIT_CONVERSION = YES;
				GCC_WARN_ABOUT_RETURN_TYPE = YES_ERROR;
				GCC_WARN_UNDECLARED_SELECTOR = YES;
				GCC_WARN_UNINITIALIZED_AUTOS = YES_AGGRESSIVE;
				GCC_WARN_UNUSED_FUNCTION = YES;
				GCC_WARN_UNUSED_VARIABLE = YES;
				IPHONEOS_DEPLOYMENT_TARGET = 8.0;
				MTL_ENABLE_DEBUG_INFO = YES;
				ONLY_ACTIVE_ARCH = YES;
				SDKROOT = iphoneos;
			};
			name = Debug;
		};
		B1620B801E07E62F000515E3 /* Release */ = {
			isa = XCBuildConfiguration;
			buildSettings = {
				ALWAYS_SEARCH_USER_PATHS = NO;
				CLANG_ANALYZER_NONNULL = YES;
				CLANG_CXX_LANGUAGE_STANDARD = "gnu++0x";
				CLANG_CXX_LIBRARY = "libc++";
				CLANG_ENABLE_MODULES = YES;
				CLANG_ENABLE_OBJC_ARC = YES;
				CLANG_WARN_BOOL_CONVERSION = YES;
				CLANG_WARN_CONSTANT_CONVERSION = YES;
				CLANG_WARN_DIRECT_OBJC_ISA_USAGE = YES_ERROR;
				CLANG_WARN_DOCUMENTATION_COMMENTS = YES;
				CLANG_WARN_EMPTY_BODY = YES;
				CLANG_WARN_ENUM_CONVERSION = YES;
				CLANG_WARN_INFINITE_RECURSION = YES;
				CLANG_WARN_INT_CONVERSION = YES;
				CLANG_WARN_OBJC_ROOT_CLASS = YES_ERROR;
				CLANG_WARN_SUSPICIOUS_MOVES = YES;
				CLANG_WARN_UNREACHABLE_CODE = YES;
				CLANG_WARN__DUPLICATE_METHOD_MATCH = YES;
				"CODE_SIGN_IDENTITY[sdk=iphoneos*]" = "iPhone Developer";
				COPY_PHASE_STRIP = NO;
				DEBUG_INFORMATION_FORMAT = "dwarf-with-dsym";
				ENABLE_NS_ASSERTIONS = NO;
				ENABLE_STRICT_OBJC_MSGSEND = YES;
				GCC_C_LANGUAGE_STANDARD = gnu99;
				GCC_NO_COMMON_BLOCKS = YES;
				GCC_WARN_64_TO_32_BIT_CONVERSION = YES;
				GCC_WARN_ABOUT_RETURN_TYPE = YES_ERROR;
				GCC_WARN_UNDECLARED_SELECTOR = YES;
				GCC_WARN_UNINITIALIZED_AUTOS = YES_AGGRESSIVE;
				GCC_WARN_UNUSED_FUNCTION = YES;
				GCC_WARN_UNUSED_VARIABLE = YES;
				IPHONEOS_DEPLOYMENT_TARGET = 8.0;
				MTL_ENABLE_DEBUG_INFO = NO;
				SDKROOT = iphoneos;
				VALIDATE_PRODUCT = YES;
			};
			name = Release;
		};
		B1620B821E07E62F000515E3 /* Debug */ = {
			isa = XCBuildConfiguration;
			buildSettings = {
				ASSETCATALOG_COMPILER_APPICON_NAME = AppIcon;
				DEBUG = 1;
				INFOPLIST_FILE = LLDownloadManager/Info.plist;
				IPHONEOS_DEPLOYMENT_TARGET = 8.4;
				LD_RUNPATH_SEARCH_PATHS = "$(inherited) @executable_path/Frameworks";
				PRODUCT_BUNDLE_IDENTIFIER = XHJ.LLDownloadManager;
				PRODUCT_NAME = "$(TARGET_NAME)";
			};
			name = Debug;
		};
		B1620B831E07E62F000515E3 /* Release */ = {
			isa = XCBuildConfiguration;
			buildSettings = {
				ASSETCATALOG_COMPILER_APPICON_NAME = AppIcon;
				DEBUG = 1;
				INFOPLIST_FILE = LLDownloadManager/Info.plist;
				IPHONEOS_DEPLOYMENT_TARGET = 8.4;
				LD_RUNPATH_SEARCH_PATHS = "$(inherited) @executable_path/Frameworks";
				PRODUCT_BUNDLE_IDENTIFIER = XHJ.LLDownloadManager;
				PRODUCT_NAME = "$(TARGET_NAME)";
			};
			name = Release;
		};
/* End XCBuildConfiguration section */

/* Begin XCConfigurationList section */
		B1620B651E07E62F000515E3 /* Build configuration list for PBXProject "LLDownloadManager" */ = {
			isa = XCConfigurationList;
			buildConfigurations = (
				B1620B7F1E07E62F000515E3 /* Debug */,
				B1620B801E07E62F000515E3 /* Release */,
			);
			defaultConfigurationIsVisible = 0;
			defaultConfigurationName = Release;
		};
		B1620B811E07E62F000515E3 /* Build configuration list for PBXNativeTarget "LLDownloadManager" */ = {
			isa = XCConfigurationList;
			buildConfigurations = (
				B1620B821E07E62F000515E3 /* Debug */,
				B1620B831E07E62F000515E3 /* Release */,
			);
			defaultConfigurationIsVisible = 0;
			defaultConfigurationName = Release;
		};
/* End XCConfigurationList section */
	};
	rootObject = B1620B621E07E62F000515E3 /* Project object */;
}
